
Microsoft Visual Studio Solution File, Format Version 12.00
# Visual Studio Version 17
VisualStudioVersion = 17.2.32630.192
MinimumVisualStudioVersion = 10.0.40219.1
Project("{FAE04EC0-301F-11D3-BF4B-00C04F79EFBC}") = "GigaRoboBuilder4", "GigaRoboBuilder4\GigaRoboBuilder4.csproj", "{29C06E8F-579B-4CA8-B6CD-BD78E2D20C8A}"
EndProject
Project("{2150E333-8FDC-42A3-9474-1A3956D46DE8}") = "Solution Items", "Solution Items", "{C8B2AE58-EEFE-4591-98C4-D9A958D7AB34}"
	ProjectSection(SolutionItems) = preProject
		.editorconfig = .editorconfig
	EndProjectSection
EndProject
Global
	GlobalSection(SolutionConfigurationPlatforms) = preSolution
		Debug|Any CPU = Debug|Any CPU
		Release|Any CPU = Release|Any CPU
	EndGlobalSection
	GlobalSection(ProjectConfigurationPlatforms) = postSolution
		{29C06E8F-579B-4CA8-B6CD-BD78E2D20C8A}.Debug|Any CPU.ActiveCfg = Debug|Any CPU
		{29C06E8F-579B-4CA8-B6CD-BD78E2D20C8A}.Debug|Any CPU.Build.0 = Debug|Any CPU
		{29C06E8F-579B-4CA8-B6CD-BD78E2D20C8A}.Release|Any CPU.ActiveCfg = Release|Any CPU
		{29C06E8F-579B-4CA8-B6CD-BD78E2D20C8A}.Release|Any CPU.Build.0 = Release|Any CPU
	EndGlobalSection
	GlobalSection(SolutionProperties) = preSolution
		HideSolutionNode = FALSE
	EndGlobalSection
	GlobalSection(ExtensibilityGlobals) = postSolution
		SolutionGuid = {3EE9FD12-BFE9-4024-B60D-CEC02DF1221B}
	EndGlobalSection
EndGlobal
